// !$*UTF8*$!
{
	archiveVersion = 1;
	classes = {
	};
	objectVersion = 46;
	objects = {

/* Begin PBXBuildFile section */
		38A5FC6D1B799F930063174C /* XMLReader.m in Sources */ = {isa = PBXBuildFile; fileRef = 38A5FC6C1B799F930063174C /* XMLReader.m */; };
		38A6B1411BA4EA45004E72BF /* WeatherCell.swift in Sources */ = {isa = PBXBuildFile; fileRef = 38A6B1401BA4EA45004E72BF /* WeatherCell.swift */; settings = {ASSET_TAGS = (); }; };
		38A6B17F1BA5F55D004E72BF /* AlertHelper.swift in Sources */ = {isa = PBXBuildFile; fileRef = 38A6B17E1BA5F55D004E72BF /* AlertHelper.swift */; settings = {ASSET_TAGS = (); }; };
		38E0E9421B769C3C00027EB1 /* AppDelegate.swift in Sources */ = {isa = PBXBuildFile; fileRef = 38E0E9411B769C3C00027EB1 /* AppDelegate.swift */; };
		38E0E9441B769C3C00027EB1 /* MasterViewController.swift in Sources */ = {isa = PBXBuildFile; fileRef = 38E0E9431B769C3C00027EB1 /* MasterViewController.swift */; };
		38E0E9461B769C3C00027EB1 /* DetailViewController.swift in Sources */ = {isa = PBXBuildFile; fileRef = 38E0E9451B769C3C00027EB1 /* DetailViewController.swift */; };
		38E0E9491B769C3C00027EB1 /* Main.storyboard in Resources */ = {isa = PBXBuildFile; fileRef = 38E0E9471B769C3C00027EB1 /* Main.storyboard */; };
		38E0E94B1B769C3C00027EB1 /* Images.xcassets in Resources */ = {isa = PBXBuildFile; fileRef = 38E0E94A1B769C3C00027EB1 /* Images.xcassets */; };
		38E0E94E1B769C3C00027EB1 /* LaunchScreen.xib in Resources */ = {isa = PBXBuildFile; fileRef = 38E0E94C1B769C3C00027EB1 /* LaunchScreen.xib */; };
		38E0E95A1B769C3C00027EB1 /* WeatherManTests.swift in Sources */ = {isa = PBXBuildFile; fileRef = 38E0E9591B769C3C00027EB1 /* WeatherManTests.swift */; };
		38E0E9641B76B73400027EB1 /* WeatherFetcher.swift in Sources */ = {isa = PBXBuildFile; fileRef = 38E0E9631B76B73400027EB1 /* WeatherFetcher.swift */; };
		38E0E9661B76B95600027EB1 /* Weather.swift in Sources */ = {isa = PBXBuildFile; fileRef = 38E0E9651B76B95600027EB1 /* Weather.swift */; };
		38E0E9681B76C02A00027EB1 /* WeatherFetcherTests.swift in Sources */ = {isa = PBXBuildFile; fileRef = 38E0E9671B76C02A00027EB1 /* WeatherFetcherTests.swift */; };
		38E0E96C1B780C8500027EB1 /* XMLReaderTests.swift in Sources */ = {isa = PBXBuildFile; fileRef = 38E0E96B1B780C8500027EB1 /* XMLReaderTests.swift */; };
		38E0E96E1B78121A00027EB1 /* string.xml in Resources */ = {isa = PBXBuildFile; fileRef = 38E0E96D1B78121A00027EB1 /* string.xml */; };
		38E0E9701B781EDA00027EB1 /* simple.xml in Resources */ = {isa = PBXBuildFile; fileRef = 38E0E96F1B781EDA00027EB1 /* simple.xml */; };
/* End PBXBuildFile section */

/* Begin PBXContainerItemProxy section */
		38E0E9541B769C3C00027EB1 /* PBXContainerItemProxy */ = {
			isa = PBXContainerItemProxy;
			containerPortal = 38E0E9341B769C3C00027EB1 /* Project object */;
			proxyType = 1;
			remoteGlobalIDString = 38E0E93B1B769C3C00027EB1;
			remoteInfo = WeatherMan;
		};
/* End PBXContainerItemProxy section */

/* Begin PBXFileReference section */
		38A5FC6A1B799F920063174C /* WeatherMan-Bridging-Header.h */ = {isa = PBXFileReference; lastKnownFileType = sourcecode.c.h; path = "WeatherMan-Bridging-Header.h"; sourceTree = "<group>"; };
		38A5FC6B1B799F930063174C /* XMLReader.h */ = {isa = PBXFileReference; fileEncoding = 4; lastKnownFileType = sourcecode.c.h; name = XMLReader.h; path = ThirdParty/XMLReader/XMLReader.h; sourceTree = "<group>"; };
		38A5FC6C1B799F930063174C /* XMLReader.m */ = {isa = PBXFileReference; fileEncoding = 4; lastKnownFileType = sourcecode.c.objc; name = XMLReader.m; path = ThirdParty/XMLReader/XMLReader.m; sourceTree = "<group>"; };
		38A6B1401BA4EA45004E72BF /* WeatherCell.swift */ = {isa = PBXFileReference; fileEncoding = 4; lastKnownFileType = sourcecode.swift; name = WeatherCell.swift; path = Source/WeatherCell.swift; sourceTree = "<group>"; };
		38A6B17E1BA5F55D004E72BF /* AlertHelper.swift */ = {isa = PBXFileReference; fileEncoding = 4; lastKnownFileType = sourcecode.swift; name = AlertHelper.swift; path = Source/AlertHelper.swift; sourceTree = "<group>"; };
		38E0E93C1B769C3C00027EB1 /* WeatherMan.app */ = {isa = PBXFileReference; explicitFileType = wrapper.application; includeInIndex = 0; path = WeatherMan.app; sourceTree = BUILT_PRODUCTS_DIR; };
		38E0E9401B769C3C00027EB1 /* Info.plist */ = {isa = PBXFileReference; lastKnownFileType = text.plist.xml; path = Info.plist; sourceTree = "<group>"; };
		38E0E9411B769C3C00027EB1 /* AppDelegate.swift */ = {isa = PBXFileReference; lastKnownFileType = sourcecode.swift; path = AppDelegate.swift; sourceTree = "<group>"; };
		38E0E9431B769C3C00027EB1 /* MasterViewController.swift */ = {isa = PBXFileReference; lastKnownFileType = sourcecode.swift; path = MasterViewController.swift; sourceTree = "<group>"; };
		38E0E9451B769C3C00027EB1 /* DetailViewController.swift */ = {isa = PBXFileReference; lastKnownFileType = sourcecode.swift; path = DetailViewController.swift; sourceTree = "<group>"; };
		38E0E9481B769C3C00027EB1 /* Base */ = {isa = PBXFileReference; lastKnownFileType = file.storyboard; name = Base; path = Base.lproj/Main.storyboard; sourceTree = "<group>"; };
		38E0E94A1B769C3C00027EB1 /* Images.xcassets */ = {isa = PBXFileReference; lastKnownFileType = folder.assetcatalog; path = Images.xcassets; sourceTree = "<group>"; };
		38E0E94D1B769C3C00027EB1 /* Base */ = {isa = PBXFileReference; lastKnownFileType = file.xib; name = Base; path = Base.lproj/LaunchScreen.xib; sourceTree = "<group>"; };
		38E0E9531B769C3C00027EB1 /* WeatherManTests.xctest */ = {isa = PBXFileReference; explicitFileType = wrapper.cfbundle; includeInIndex = 0; path = WeatherManTests.xctest; sourceTree = BUILT_PRODUCTS_DIR; };
		38E0E9581B769C3C00027EB1 /* Info.plist */ = {isa = PBXFileReference; lastKnownFileType = text.plist.xml; path = Info.plist; sourceTree = "<group>"; };
		38E0E9591B769C3C00027EB1 /* WeatherManTests.swift */ = {isa = PBXFileReference; lastKnownFileType = sourcecode.swift; path = WeatherManTests.swift; sourceTree = "<group>"; };
		38E0E9631B76B73400027EB1 /* WeatherFetcher.swift */ = {isa = PBXFileReference; fileEncoding = 4; lastKnownFileType = sourcecode.swift; name = WeatherFetcher.swift; path = Source/WeatherFetcher.swift; sourceTree = "<group>"; };
		38E0E9651B76B95600027EB1 /* Weather.swift */ = {isa = PBXFileReference; fileEncoding = 4; lastKnownFileType = sourcecode.swift; name = Weather.swift; path = Source/Weather.swift; sourceTree = "<group>"; };
		38E0E9671B76C02A00027EB1 /* WeatherFetcherTests.swift */ = {isa = PBXFileReference; fileEncoding = 4; lastKnownFileType = sourcecode.swift; path = WeatherFetcherTests.swift; sourceTree = "<group>"; };
		38E0E96B1B780C8500027EB1 /* XMLReaderTests.swift */ = {isa = PBXFileReference; fileEncoding = 4; lastKnownFileType = sourcecode.swift; path = XMLReaderTests.swift; sourceTree = "<group>"; };
		38E0E96D1B78121A00027EB1 /* string.xml */ = {isa = PBXFileReference; fileEncoding = 4; lastKnownFileType = text.xml; path = string.xml; sourceTree = "<group>"; };
		38E0E96F1B781EDA00027EB1 /* simple.xml */ = {isa = PBXFileReference; fileEncoding = 4; lastKnownFileType = text.xml; path = simple.xml; sourceTree = "<group>"; };
/* End PBXFileReference section */

/* Begin PBXFrameworksBuildPhase section */
		38E0E9391B769C3C00027EB1 /* Frameworks */ = {
			isa = PBXFrameworksBuildPhase;
			buildActionMask = 2147483647;
			files = (
			);
			runOnlyForDeploymentPostprocessing = 0;
		};
		38E0E9501B769C3C00027EB1 /* Frameworks */ = {
			isa = PBXFrameworksBuildPhase;
			buildActionMask = 2147483647;
			files = (
			);
			runOnlyForDeploymentPostprocessing = 0;
		};
/* End PBXFrameworksBuildPhase section */

/* Begin PBXGroup section */
		38A5FC6E1B799F9C0063174C /* XMLReader */ = {
			isa = PBXGroup;
			children = (
				38A5FC6B1B799F930063174C /* XMLReader.h */,
				38A5FC6C1B799F930063174C /* XMLReader.m */,
			);
			name = XMLReader;
			sourceTree = "<group>";
		};
		38A5FC6F1B799FA50063174C /* ThirdParty */ = {
			isa = PBXGroup;
			children = (
				38A5FC6E1B799F9C0063174C /* XMLReader */,
			);
			name = ThirdParty;
			sourceTree = "<group>";
		};
		38E0E9331B769C3C00027EB1 = {
			isa = PBXGroup;
			children = (
				38E0E93E1B769C3C00027EB1 /* WeatherMan */,
				38E0E9561B769C3C00027EB1 /* WeatherManTests */,
				38E0E93D1B769C3C00027EB1 /* Products */,
			);
			sourceTree = "<group>";
		};
		38E0E93D1B769C3C00027EB1 /* Products */ = {
			isa = PBXGroup;
			children = (
				38E0E93C1B769C3C00027EB1 /* WeatherMan.app */,
				38E0E9531B769C3C00027EB1 /* WeatherManTests.xctest */,
			);
			name = Products;
			sourceTree = "<group>";
		};
		38E0E93E1B769C3C00027EB1 /* WeatherMan */ = {
			isa = PBXGroup;
			children = (
				38E0E9411B769C3C00027EB1 /* AppDelegate.swift */,
				38E0E9431B769C3C00027EB1 /* MasterViewController.swift */,
				38E0E9451B769C3C00027EB1 /* DetailViewController.swift */,
				38E0E9631B76B73400027EB1 /* WeatherFetcher.swift */,
				38E0E9651B76B95600027EB1 /* Weather.swift */,
				38A6B1401BA4EA45004E72BF /* WeatherCell.swift */,
				38A6B17E1BA5F55D004E72BF /* AlertHelper.swift */,
				38A5FC6F1B799FA50063174C /* ThirdParty */,
				38E0E9471B769C3C00027EB1 /* Main.storyboard */,
				38E0E94A1B769C3C00027EB1 /* Images.xcassets */,
				38E0E94C1B769C3C00027EB1 /* LaunchScreen.xib */,
				38E0E93F1B769C3C00027EB1 /* Supporting Files */,
			);
			path = WeatherMan;
			sourceTree = "<group>";
		};
		38E0E93F1B769C3C00027EB1 /* Supporting Files */ = {
			isa = PBXGroup;
			children = (
				38A5FC6A1B799F920063174C /* WeatherMan-Bridging-Header.h */,
				38E0E9401B769C3C00027EB1 /* Info.plist */,
			);
			name = "Supporting Files";
			sourceTree = "<group>";
		};
		38E0E9561B769C3C00027EB1 /* WeatherManTests */ = {
			isa = PBXGroup;
			children = (
				38E0E9591B769C3C00027EB1 /* WeatherManTests.swift */,
				38E0E9671B76C02A00027EB1 /* WeatherFetcherTests.swift */,
				38E0E96B1B780C8500027EB1 /* XMLReaderTests.swift */,
				38E0E96D1B78121A00027EB1 /* string.xml */,
				38E0E96F1B781EDA00027EB1 /* simple.xml */,
				38E0E9571B769C3C00027EB1 /* Supporting Files */,
			);
			path = WeatherManTests;
			sourceTree = "<group>";
		};
		38E0E9571B769C3C00027EB1 /* Supporting Files */ = {
			isa = PBXGroup;
			children = (
				38E0E9581B769C3C00027EB1 /* Info.plist */,
			);
			name = "Supporting Files";
			sourceTree = "<group>";
		};
/* End PBXGroup section */

/* Begin PBXNativeTarget section */
		38E0E93B1B769C3C00027EB1 /* WeatherMan */ = {
			isa = PBXNativeTarget;
			buildConfigurationList = 38E0E95D1B769C3C00027EB1 /* Build configuration list for PBXNativeTarget "WeatherMan" */;
			buildPhases = (
				38E0E9381B769C3C00027EB1 /* Sources */,
				38E0E9391B769C3C00027EB1 /* Frameworks */,
				38E0E93A1B769C3C00027EB1 /* Resources */,
			);
			buildRules = (
			);
			dependencies = (
			);
			name = WeatherMan;
			productName = WeatherMan;
			productReference = 38E0E93C1B769C3C00027EB1 /* WeatherMan.app */;
			productType = "com.apple.product-type.application";
		};
		38E0E9521B769C3C00027EB1 /* WeatherManTests */ = {
			isa = PBXNativeTarget;
			buildConfigurationList = 38E0E9601B769C3C00027EB1 /* Build configuration list for PBXNativeTarget "WeatherManTests" */;
			buildPhases = (
				38E0E94F1B769C3C00027EB1 /* Sources */,
				38E0E9501B769C3C00027EB1 /* Frameworks */,
				38E0E9511B769C3C00027EB1 /* Resources */,
			);
			buildRules = (
			);
			dependencies = (
				38E0E9551B769C3C00027EB1 /* PBXTargetDependency */,
			);
			name = WeatherManTests;
			productName = WeatherManTests;
			productReference = 38E0E9531B769C3C00027EB1 /* WeatherManTests.xctest */;
			productType = "com.apple.product-type.bundle.unit-test";
		};
/* End PBXNativeTarget section */

/* Begin PBXProject section */
		38E0E9341B769C3C00027EB1 /* Project object */ = {
			isa = PBXProject;
			attributes = {
				LastSwiftMigration = 0700;
				LastSwiftUpdateCheck = 0700;
				LastUpgradeCheck = 0700;
				ORGANIZATIONNAME = "Brian Stern";
				TargetAttributes = {
					38E0E93B1B769C3C00027EB1 = {
						CreatedOnToolsVersion = 6.4;
					};
					38E0E9521B769C3C00027EB1 = {
						CreatedOnToolsVersion = 6.4;
						TestTargetID = 38E0E93B1B769C3C00027EB1;
					};
				};
			};
			buildConfigurationList = 38E0E9371B769C3C00027EB1 /* Build configuration list for PBXProject "WeatherMan" */;
			compatibilityVersion = "Xcode 3.2";
			developmentRegion = English;
			hasScannedForEncodings = 0;
			knownRegions = (
				en,
				Base,
			);
			mainGroup = 38E0E9331B769C3C00027EB1;
			productRefGroup = 38E0E93D1B769C3C00027EB1 /* Products */;
			projectDirPath = "";
			projectRoot = "";
			targets = (
				38E0E93B1B769C3C00027EB1 /* WeatherMan */,
				38E0E9521B769C3C00027EB1 /* WeatherManTests */,
			);
		};
/* End PBXProject section */

/* Begin PBXResourcesBuildPhase section */
		38E0E93A1B769C3C00027EB1 /* Resources */ = {
			isa = PBXResourcesBuildPhase;
			buildActionMask = 2147483647;
			files = (
				38E0E9491B769C3C00027EB1 /* Main.storyboard in Resources */,
				38E0E94E1B769C3C00027EB1 /* LaunchScreen.xib in Resources */,
				38E0E94B1B769C3C00027EB1 /* Images.xcassets in Resources */,
			);
			runOnlyForDeploymentPostprocessing = 0;
		};
		38E0E9511B769C3C00027EB1 /* Resources */ = {
			isa = PBXResourcesBuildPhase;
			buildActionMask = 2147483647;
			files = (
				38E0E96E1B78121A00027EB1 /* string.xml in Resources */,
				38E0E9701B781EDA00027EB1 /* simple.xml in Resources */,
			);
			runOnlyForDeploymentPostprocessing = 0;
		};
/* End PBXResourcesBuildPhase section */

/* Begin PBXSourcesBuildPhase section */
		38E0E9381B769C3C00027EB1 /* Sources */ = {
			isa = PBXSourcesBuildPhase;
			buildActionMask = 2147483647;
			files = (
				38E0E9461B769C3C00027EB1 /* DetailViewController.swift in Sources */,
				38A6B17F1BA5F55D004E72BF /* AlertHelper.swift in Sources */,
				38E0E9441B769C3C00027EB1 /* MasterViewController.swift in Sources */,
				38E0E9421B769C3C00027EB1 /* AppDelegate.swift in Sources */,
				38E0E9641B76B73400027EB1 /* WeatherFetcher.swift in Sources */,
				38E0E9661B76B95600027EB1 /* Weather.swift in Sources */,
				38A6B1411BA4EA45004E72BF /* WeatherCell.swift in Sources */,
				38A5FC6D1B799F930063174C /* XMLReader.m in Sources */,
			);
			runOnlyForDeploymentPostprocessing = 0;
		};
		38E0E94F1B769C3C00027EB1 /* Sources */ = {
			isa = PBXSourcesBuildPhase;
			buildActionMask = 2147483647;
			files = (
				38E0E9681B76C02A00027EB1 /* WeatherFetcherTests.swift in Sources */,
				38E0E95A1B769C3C00027EB1 /* WeatherManTests.swift in Sources */,
				38E0E96C1B780C8500027EB1 /* XMLReaderTests.swift in Sources */,
			);
			runOnlyForDeploymentPostprocessing = 0;
		};
/* End PBXSourcesBuildPhase section */

/* Begin PBXTargetDependency section */
		38E0E9551B769C3C00027EB1 /* PBXTargetDependency */ = {
			isa = PBXTargetDependency;
			target = 38E0E93B1B769C3C00027EB1 /* WeatherMan */;
			targetProxy = 38E0E9541B769C3C00027EB1 /* PBXContainerItemProxy */;
		};
/* End PBXTargetDependency section */

/* Begin PBXVariantGroup section */
		38E0E9471B769C3C00027EB1 /* Main.storyboard */ = {
			isa = PBXVariantGroup;
			children = (
				38E0E9481B769C3C00027EB1 /* Base */,
			);
			name = Main.storyboard;
			sourceTree = "<group>";
		};
		38E0E94C1B769C3C00027EB1 /* LaunchScreen.xib */ = {
			isa = PBXVariantGroup;
			children = (
				38E0E94D1B769C3C00027EB1 /* Base */,
			);
			name = LaunchScreen.xib;
			sourceTree = "<group>";
		};
/* End PBXVariantGroup section */

/* Begin XCBuildConfiguration section */
		38E0E95B1B769C3C00027EB1 /* Debug */ = {
			isa = XCBuildConfiguration;
			buildSettings = {
				ALWAYS_SEARCH_USER_PATHS = NO;
				CLANG_CXX_LANGUAGE_STANDARD = "gnu++0x";
				CLANG_CXX_LIBRARY = "libc++";
				CLANG_ENABLE_MODULES = YES;
				CLANG_ENABLE_OBJC_ARC = YES;
				CLANG_WARN_BOOL_CONVERSION = YES;
				CLANG_WARN_CONSTANT_CONVERSION = YES;
				CLANG_WARN_DIRECT_OBJC_ISA_USAGE = YES_ERROR;
				CLANG_WARN_EMPTY_BODY = YES;
				CLANG_WARN_ENUM_CONVERSION = YES;
				CLANG_WARN_INT_CONVERSION = YES;
				CLANG_WARN_OBJC_ROOT_CLASS = YES_ERROR;
				CLANG_WARN_UNREACHABLE_CODE = YES;
				CLANG_WARN__DUPLICATE_METHOD_MATCH = YES;
				"CODE_SIGN_IDENTITY[sdk=iphoneos*]" = "iPhone Developer";
				COPY_PHASE_STRIP = NO;
				DEBUG_INFORMATION_FORMAT = "dwarf-with-dsym";
				ENABLE_STRICT_OBJC_MSGSEND = YES;
				ENABLE_TESTABILITY = YES;
				GCC_C_LANGUAGE_STANDARD = gnu99;
				GCC_DYNAMIC_NO_PIC = NO;
				GCC_NO_COMMON_BLOCKS = YES;
				GCC_OPTIMIZATION_LEVEL = 0;
				GCC_PREPROCESSOR_DEFINITIONS = (
					"DEBUG=1",
					"$(inherited)",
				);
				GCC_SYMBOLS_PRIVATE_EXTERN = NO;
				GCC_WARN_64_TO_32_BIT_CONVERSION = YES;
				GCC_WARN_ABOUT_RETURN_TYPE = YES_ERROR;
				GCC_WARN_UNDECLARED_SELECTOR = YES;
				GCC_WARN_UNINITIALIZED_AUTOS = YES_AGGRESSIVE;
				GCC_WARN_UNUSED_FUNCTION = YES;
				GCC_WARN_UNUSED_VARIABLE = YES;
				IPHONEOS_DEPLOYMENT_TARGET = 8.4;
				MTL_ENABLE_DEBUG_INFO = YES;
				ONLY_ACTIVE_ARCH = YES;
				SDKROOT = iphoneos;
				SWIFT_OPTIMIZATION_LEVEL = "-Onone";
				TARGETED_DEVICE_FAMILY = "1,2";
			};
			name = Debug;
		};
		38E0E95C1B769C3C00027EB1 /* Release */ = {
			isa = XCBuildConfiguration;
			buildSettings = {
				ALWAYS_SEARCH_USER_PATHS = NO;
				CLANG_CXX_LANGUAGE_STANDARD = "gnu++0x";
				CLANG_CXX_LIBRARY = "libc++";
				CLANG_ENABLE_MODULES = YES;
				CLANG_ENABLE_OBJC_ARC = YES;
				CLANG_WARN_BOOL_CONVERSION = YES;
				CLANG_WARN_CONSTANT_CONVERSION = YES;
				CLANG_WARN_DIRECT_OBJC_ISA_USAGE = YES_ERROR;
				CLANG_WARN_EMPTY_BODY = YES;
				CLANG_WARN_ENUM_CONVERSION = YES;
				CLANG_WARN_INT_CONVERSION = YES;
				CLANG_WARN_OBJC_ROOT_CLASS = YES_ERROR;
				CLANG_WARN_UNREACHABLE_CODE = YES;
				CLANG_WARN__DUPLICATE_METHOD_MATCH = YES;
				"CODE_SIGN_IDENTITY[sdk=iphoneos*]" = "iPhone Developer";
				COPY_PHASE_STRIP = NO;
				DEBUG_INFORMATION_FORMAT = "dwarf-with-dsym";
				ENABLE_NS_ASSERTIONS = NO;
				ENABLE_STRICT_OBJC_MSGSEND = YES;
				GCC_C_LANGUAGE_STANDARD = gnu99;
				GCC_NO_COMMON_BLOCKS = YES;
				GCC_WARN_64_TO_32_BIT_CONVERSION = YES;
				GCC_WARN_ABOUT_RETURN_TYPE = YES_ERROR;
				GCC_WARN_UNDECLARED_SELECTOR = YES;
				GCC_WARN_UNINITIALIZED_AUTOS = YES_AGGRESSIVE;
				GCC_WARN_UNUSED_FUNCTION = YES;
				GCC_WARN_UNUSED_VARIABLE = YES;
				IPHONEOS_DEPLOYMENT_TARGET = 8.4;
				MTL_ENABLE_DEBUG_INFO = NO;
				SDKROOT = iphoneos;
				TARGETED_DEVICE_FAMILY = "1,2";
				VALIDATE_PRODUCT = YES;
			};
			name = Release;
		};
		38E0E95E1B769C3C00027EB1 /* Debug */ = {
			isa = XCBuildConfiguration;
			buildSettings = {
				ASSETCATALOG_COMPILER_APPICON_NAME = AppIcon;
				CLANG_ENABLE_MODULES = YES;
				DEFINES_MODULE = YES;
				INFOPLIST_FILE = WeatherMan/Info.plist;
				LD_RUNPATH_SEARCH_PATHS = "$(inherited) @executable_path/Frameworks";
				PRODUCT_BUNDLE_IDENTIFIER = "com.example.$(PRODUCT_NAME:rfc1034identifier)";
				PRODUCT_NAME = "$(TARGET_NAME)";
				SWIFT_OBJC_BRIDGING_HEADER = "WeatherMan/WeatherMan-Bridging-Header.h";
				SWIFT_OPTIMIZATION_LEVEL = "-Onone";
			};
			name = Debug;
		};
		38E0E95F1B769C3C00027EB1 /* Release */ = {
			isa = XCBuildConfiguration;
			buildSettings = {
				ASSETCATALOG_COMPILER_APPICON_NAME = AppIcon;
				CLANG_ENABLE_MODULES = YES;
				DEFINES_MODULE = YES;
				INFOPLIST_FILE = WeatherMan/Info.plist;
				LD_RUNPATH_SEARCH_PATHS = "$(inherited) @executable_path/Frameworks";
				PRODUCT_BUNDLE_IDENTIFIER = "com.example.$(PRODUCT_NAME:rfc1034identifier)";
				PRODUCT_NAME = "$(TARGET_NAME)";
				SWIFT_OBJC_BRIDGING_HEADER = "WeatherMan/WeatherMan-Bridging-Header.h";
			};
			name = Release;
		};
		38E0E9611B769C3C00027EB1 /* Debug */ = {
			isa = XCBuildConfiguration;
			buildSettings = {
				BUNDLE_LOADER = "$(TEST_HOST)";
				FRAMEWORK_SEARCH_PATHS = "";
				GCC_PREPROCESSOR_DEFINITIONS = (
					"DEBUG=1",
					"$(inherited)",
				);
				INFOPLIST_FILE = WeatherManTests/Info.plist;
				LD_RUNPATH_SEARCH_PATHS = "$(inherited) @executable_path/Frameworks @loader_path/Frameworks";
				PRODUCT_BUNDLE_IDENTIFIER = "com.example.$(PRODUCT_NAME:rfc1034identifier)";
				PRODUCT_NAME = "$(TARGET_NAME)";
				TEST_HOST = "$(BUILT_PRODUCTS_DIR)/WeatherMan.app/WeatherMan";
			};
			name = Debug;
		};
		38E0E9621B769C3C00027EB1 /* Release */ = {
			isa = XCBuildConfiguration;
			buildSettings = {
				BUNDLE_LOADER = "$(TEST_HOST)";
				FRAMEWORK_SEARCH_PATHS = "";
				INFOPLIST_FILE = WeatherManTests/Info.plist;
				LD_RUNPATH_SEARCH_PATHS = "$(inherited) @executable_path/Frameworks @loader_path/Frameworks";
				PRODUCT_BUNDLE_IDENTIFIER = "com.example.$(PRODUCT_NAME:rfc1034identifier)";
				PRODUCT_NAME = "$(TARGET_NAME)";
				TEST_HOST = "$(BUILT_PRODUCTS_DIR)/WeatherMan.app/WeatherMan";
			};
			name = Release;
		};
/* End XCBuildConfiguration section */

/* Begin XCConfigurationList section */
		38E0E9371B769C3C00027EB1 /* Build configuration list for PBXProject "WeatherMan" */ = {
			isa = XCConfigurationList;
			buildConfigurations = (
				38E0E95B1B769C3C00027EB1 /* Debug */,
				38E0E95C1B769C3C00027EB1 /* Release */,
			);
			defaultConfigurationIsVisible = 0;
			defaultConfigurationName = Release;
		};
		38E0E95D1B769C3C00027EB1 /* Build configuration list for PBXNativeTarget "WeatherMan" */ = {
			isa = XCConfigurationList;
			buildConfigurations = (
				38E0E95E1B769C3C00027EB1 /* Debug */,
				38E0E95F1B769C3C00027EB1 /* Release */,
			);
			defaultConfigurationIsVisible = 0;
			defaultConfigurationName = Release;
		};
		38E0E9601B769C3C00027EB1 /* Build configuration list for PBXNativeTarget "WeatherManTests" */ = {
			isa = XCConfigurationList;
			buildConfigurations = (
				38E0E9611B769C3C00027EB1 /* Debug */,
				38E0E9621B769C3C00027EB1 /* Release */,
			);
			defaultConfigurationIsVisible = 0;
			defaultConfigurationName = Release;
		};
/* End XCConfigurationList section */
	};
	rootObject = 38E0E9341B769C3C00027EB1 /* Project object */;
}
